// !$*UTF8*$!
{
	archiveVersion = 1;
	classes = {
	};
	objectVersion = 56;
	objects = {

/* Begin PBXBuildFile section */
		414171642B2A80110059905F /* AddViewSwiftData.swift in Sources */ = {isa = PBXBuildFile; fileRef = 414171632B2A80110059905F /* AddViewSwiftData.swift */; };
		414171662B2A804A0059905F /* ContentNavigationSwiftData.swift in Sources */ = {isa = PBXBuildFile; fileRef = 414171652B2A804A0059905F /* ContentNavigationSwiftData.swift */; };
		4141716B2B2A810F0059905F /* ExpensesSwiftData.swift in Sources */ = {isa = PBXBuildFile; fileRef = 4141716A2B2A810F0059905F /* ExpensesSwiftData.swift */; };
		4141716D2B2A83310059905F /* ExpensesList.swift in Sources */ = {isa = PBXBuildFile; fileRef = 4141716C2B2A83310059905F /* ExpensesList.swift */; };
		41DFC1642B2149CF003B5764 /* Expenses.swift in Sources */ = {isa = PBXBuildFile; fileRef = 41DFC1632B2149CF003B5764 /* Expenses.swift */; };
		41DFC1662B2149F8003B5764 /* SheetVersion.swift in Sources */ = {isa = PBXBuildFile; fileRef = 41DFC1652B2149F8003B5764 /* SheetVersion.swift */; };
		41DFC1682B214A4C003B5764 /* NavigationVersion.swift in Sources */ = {isa = PBXBuildFile; fileRef = 41DFC1672B214A4C003B5764 /* NavigationVersion.swift */; };
		41DFC16A2B214A6A003B5764 /* AddViewSheets.swift in Sources */ = {isa = PBXBuildFile; fileRef = 41DFC1692B214A6A003B5764 /* AddViewSheets.swift */; };
		41DFC16C2B214ACB003B5764 /* AddViewNavigation.swift in Sources */ = {isa = PBXBuildFile; fileRef = 41DFC16B2B214ACB003B5764 /* AddViewNavigation.swift */; };
		41EB75FD2B169FB200F8769E /* iExpenseApp.swift in Sources */ = {isa = PBXBuildFile; fileRef = 41EB75FC2B169FB200F8769E /* iExpenseApp.swift */; };
		41EB75FF2B169FB200F8769E /* ContentView.swift in Sources */ = {isa = PBXBuildFile; fileRef = 41EB75FE2B169FB200F8769E /* ContentView.swift */; };
		41EB76012B169FB400F8769E /* Assets.xcassets in Resources */ = {isa = PBXBuildFile; fileRef = 41EB76002B169FB400F8769E /* Assets.xcassets */; };
		41EB76042B169FB400F8769E /* Preview Assets.xcassets in Resources */ = {isa = PBXBuildFile; fileRef = 41EB76032B169FB400F8769E /* Preview Assets.xcassets */; };
		41EB760C2B16A2A000F8769E /* UsingAtStateWithClasses.swift in Sources */ = {isa = PBXBuildFile; fileRef = 41EB760B2B16A2A000F8769E /* UsingAtStateWithClasses.swift */; };
		41EB76102B16BBF400F8769E /* ShowingAndHidingViews.swift in Sources */ = {isa = PBXBuildFile; fileRef = 41EB760F2B16BBF400F8769E /* ShowingAndHidingViews.swift */; };
		41EB76122B16BECB00F8769E /* DeletingItemsUsingOnDelete.swift in Sources */ = {isa = PBXBuildFile; fileRef = 41EB76112B16BECB00F8769E /* DeletingItemsUsingOnDelete.swift */; };
		41EB76142B16C3E600F8769E /* StoringUserSettingsWithUserDefaults.swift in Sources */ = {isa = PBXBuildFile; fileRef = 41EB76132B16C3E600F8769E /* StoringUserSettingsWithUserDefaults.swift */; };
		41EB76162B16C68000F8769E /* ArchivingSwiftObjectsWithCodable.swift in Sources */ = {isa = PBXBuildFile; fileRef = 41EB76152B16C68000F8769E /* ArchivingSwiftObjectsWithCodable.swift */; };
		41EB76182B181EFB00F8769E /* View-ExpenseStyle.swift in Sources */ = {isa = PBXBuildFile; fileRef = 41EB76172B181EFB00F8769E /* View-ExpenseStyle.swift */; };
		41EB761A2B1824A000F8769E /* ExpenseSection.swift in Sources */ = {isa = PBXBuildFile; fileRef = 41EB76192B1824A000F8769E /* ExpenseSection.swift */; };
/* End PBXBuildFile section */

/* Begin PBXFileReference section */
		414171632B2A80110059905F /* AddViewSwiftData.swift */ = {isa = PBXFileReference; lastKnownFileType = sourcecode.swift; path = AddViewSwiftData.swift; sourceTree = "<group>"; };
		414171652B2A804A0059905F /* ContentNavigationSwiftData.swift */ = {isa = PBXFileReference; lastKnownFileType = sourcecode.swift; path = ContentNavigationSwiftData.swift; sourceTree = "<group>"; };
		4141716A2B2A810F0059905F /* ExpensesSwiftData.swift */ = {isa = PBXFileReference; lastKnownFileType = sourcecode.swift; path = ExpensesSwiftData.swift; sourceTree = "<group>"; };
		4141716C2B2A83310059905F /* ExpensesList.swift */ = {isa = PBXFileReference; lastKnownFileType = sourcecode.swift; path = ExpensesList.swift; sourceTree = "<group>"; };
		41DFC1632B2149CF003B5764 /* Expenses.swift */ = {isa = PBXFileReference; lastKnownFileType = sourcecode.swift; path = Expenses.swift; sourceTree = "<group>"; };
		41DFC1652B2149F8003B5764 /* SheetVersion.swift */ = {isa = PBXFileReference; lastKnownFileType = sourcecode.swift; path = SheetVersion.swift; sourceTree = "<group>"; };
		41DFC1672B214A4C003B5764 /* NavigationVersion.swift */ = {isa = PBXFileReference; lastKnownFileType = sourcecode.swift; path = NavigationVersion.swift; sourceTree = "<group>"; };
		41DFC1692B214A6A003B5764 /* AddViewSheets.swift */ = {isa = PBXFileReference; lastKnownFileType = sourcecode.swift; path = AddViewSheets.swift; sourceTree = "<group>"; };
		41DFC16B2B214ACB003B5764 /* AddViewNavigation.swift */ = {isa = PBXFileReference; lastKnownFileType = sourcecode.swift; path = AddViewNavigation.swift; sourceTree = "<group>"; };
		41EB75F92B169FB200F8769E /* iExpense.app */ = {isa = PBXFileReference; explicitFileType = wrapper.application; includeInIndex = 0; path = iExpense.app; sourceTree = BUILT_PRODUCTS_DIR; };
		41EB75FC2B169FB200F8769E /* iExpenseApp.swift */ = {isa = PBXFileReference; lastKnownFileType = sourcecode.swift; path = iExpenseApp.swift; sourceTree = "<group>"; };
		41EB75FE2B169FB200F8769E /* ContentView.swift */ = {isa = PBXFileReference; lastKnownFileType = sourcecode.swift; path = ContentView.swift; sourceTree = "<group>"; };
		41EB76002B169FB400F8769E /* Assets.xcassets */ = {isa = PBXFileReference; lastKnownFileType = folder.assetcatalog; path = Assets.xcassets; sourceTree = "<group>"; };
		41EB76032B169FB400F8769E /* Preview Assets.xcassets */ = {isa = PBXFileReference; lastKnownFileType = folder.assetcatalog; path = "Preview Assets.xcassets"; sourceTree = "<group>"; };
		41EB760B2B16A2A000F8769E /* UsingAtStateWithClasses.swift */ = {isa = PBXFileReference; lastKnownFileType = sourcecode.swift; path = UsingAtStateWithClasses.swift; sourceTree = "<group>"; };
		41EB760F2B16BBF400F8769E /* ShowingAndHidingViews.swift */ = {isa = PBXFileReference; lastKnownFileType = sourcecode.swift; path = ShowingAndHidingViews.swift; sourceTree = "<group>"; };
		41EB76112B16BECB00F8769E /* DeletingItemsUsingOnDelete.swift */ = {isa = PBXFileReference; lastKnownFileType = sourcecode.swift; path = DeletingItemsUsingOnDelete.swift; sourceTree = "<group>"; };
		41EB76132B16C3E600F8769E /* StoringUserSettingsWithUserDefaults.swift */ = {isa = PBXFileReference; lastKnownFileType = sourcecode.swift; path = StoringUserSettingsWithUserDefaults.swift; sourceTree = "<group>"; };
		41EB76152B16C68000F8769E /* ArchivingSwiftObjectsWithCodable.swift */ = {isa = PBXFileReference; lastKnownFileType = sourcecode.swift; path = ArchivingSwiftObjectsWithCodable.swift; sourceTree = "<group>"; };
		41EB76172B181EFB00F8769E /* View-ExpenseStyle.swift */ = {isa = PBXFileReference; lastKnownFileType = sourcecode.swift; path = "View-ExpenseStyle.swift"; sourceTree = "<group>"; };
		41EB76192B1824A000F8769E /* ExpenseSection.swift */ = {isa = PBXFileReference; lastKnownFileType = sourcecode.swift; path = ExpenseSection.swift; sourceTree = "<group>"; };
/* End PBXFileReference section */

/* Begin PBXFrameworksBuildPhase section */
		41EB75F62B169FB200F8769E /* Frameworks */ = {
			isa = PBXFrameworksBuildPhase;
			buildActionMask = 2147483647;
			files = (
			);
			runOnlyForDeploymentPostprocessing = 0;
		};
/* End PBXFrameworksBuildPhase section */

/* Begin PBXGroup section */
		4141715F2B2A7EE70059905F /* Sheets */ = {
			isa = PBXGroup;
			children = (
				41DFC1652B2149F8003B5764 /* SheetVersion.swift */,
				41DFC1692B214A6A003B5764 /* AddViewSheets.swift */,
			);
			path = Sheets;
			sourceTree = "<group>";
		};
		414171602B2A7FB90059905F /* NavigationVersion */ = {
			isa = PBXGroup;
			children = (
				41DFC16B2B214ACB003B5764 /* AddViewNavigation.swift */,
				41DFC1672B214A4C003B5764 /* NavigationVersion.swift */,
			);
			path = NavigationVersion;
			sourceTree = "<group>";
		};
		414171672B2A80A40059905F /* DataForOtherVersions */ = {
			isa = PBXGroup;
			children = (
				41DFC1632B2149CF003B5764 /* Expenses.swift */,
				41EB76192B1824A000F8769E /* ExpenseSection.swift */,
				41EB76172B181EFB00F8769E /* View-ExpenseStyle.swift */,
			);
			path = DataForOtherVersions;
			sourceTree = "<group>";
		};
		41EB75F02B169FB200F8769E = {
			isa = PBXGroup;
			children = (
				41EB75FB2B169FB200F8769E /* iExpense */,
				41EB75FA2B169FB200F8769E /* Products */,
			);
			sourceTree = "<group>";
		};
		41EB75FA2B169FB200F8769E /* Products */ = {
			isa = PBXGroup;
			children = (
				41EB75F92B169FB200F8769E /* iExpense.app */,
			);
			name = Products;
			sourceTree = "<group>";
		};
		41EB75FB2B169FB200F8769E /* iExpense */ = {
			isa = PBXGroup;
			children = (
				41EB75FC2B169FB200F8769E /* iExpenseApp.swift */,
				41EB75FE2B169FB200F8769E /* ContentView.swift */,
				414171652B2A804A0059905F /* ContentNavigationSwiftData.swift */,
				414171632B2A80110059905F /* AddViewSwiftData.swift */,
				4141716A2B2A810F0059905F /* ExpensesSwiftData.swift */,
				4141716C2B2A83310059905F /* ExpensesList.swift */,
				414171672B2A80A40059905F /* DataForOtherVersions */,
				414171602B2A7FB90059905F /* NavigationVersion */,
				4141715F2B2A7EE70059905F /* Sheets */,
				41EB760A2B16A28B00F8769E /* Tutorials */,
				41EB76002B169FB400F8769E /* Assets.xcassets */,
				41EB76022B169FB400F8769E /* Preview Content */,
			);
			path = iExpense;
			sourceTree = "<group>";
		};
		41EB76022B169FB400F8769E /* Preview Content */ = {
			isa = PBXGroup;
			children = (
				41EB76032B169FB400F8769E /* Preview Assets.xcassets */,
			);
			path = "Preview Content";
			sourceTree = "<group>";
		};
		41EB760A2B16A28B00F8769E /* Tutorials */ = {
			isa = PBXGroup;
			children = (
				41EB760B2B16A2A000F8769E /* UsingAtStateWithClasses.swift */,
				41EB760F2B16BBF400F8769E /* ShowingAndHidingViews.swift */,
				41EB76112B16BECB00F8769E /* DeletingItemsUsingOnDelete.swift */,
				41EB76132B16C3E600F8769E /* StoringUserSettingsWithUserDefaults.swift */,
				41EB76152B16C68000F8769E /* ArchivingSwiftObjectsWithCodable.swift */,
			);
			path = Tutorials;
			sourceTree = "<group>";
		};
/* End PBXGroup section */

/* Begin PBXNativeTarget section */
		41EB75F82B169FB200F8769E /* iExpense */ = {
			isa = PBXNativeTarget;
			buildConfigurationList = 41EB76072B169FB400F8769E /* Build configuration list for PBXNativeTarget "iExpense" */;
			buildPhases = (
				41EB75F52B169FB200F8769E /* Sources */,
				41EB75F62B169FB200F8769E /* Frameworks */,
				41EB75F72B169FB200F8769E /* Resources */,
			);
			buildRules = (
			);
			dependencies = (
			);
			name = iExpense;
			productName = iExpense;
			productReference = 41EB75F92B169FB200F8769E /* iExpense.app */;
			productType = "com.apple.product-type.application";
		};
/* End PBXNativeTarget section */

/* Begin PBXProject section */
		41EB75F12B169FB200F8769E /* Project object */ = {
			isa = PBXProject;
			attributes = {
				BuildIndependentTargetsInParallel = 1;
				LastSwiftUpdateCheck = 1500;
				LastUpgradeCheck = 1500;
				TargetAttributes = {
					41EB75F82B169FB200F8769E = {
						CreatedOnToolsVersion = 15.0.1;
					};
				};
			};
			buildConfigurationList = 41EB75F42B169FB200F8769E /* Build configuration list for PBXProject "iExpense" */;
			compatibilityVersion = "Xcode 14.0";
			developmentRegion = en;
			hasScannedForEncodings = 0;
			knownRegions = (
				en,
				Base,
			);
			mainGroup = 41EB75F02B169FB200F8769E;
			productRefGroup = 41EB75FA2B169FB200F8769E /* Products */;
			projectDirPath = "";
			projectRoot = "";
			targets = (
				41EB75F82B169FB200F8769E /* iExpense */,
			);
		};
/* End PBXProject section */

/* Begin PBXResourcesBuildPhase section */
		41EB75F72B169FB200F8769E /* Resources */ = {
			isa = PBXResourcesBuildPhase;
			buildActionMask = 2147483647;
			files = (
				41EB76042B169FB400F8769E /* Preview Assets.xcassets in Resources */,
				41EB76012B169FB400F8769E /* Assets.xcassets in Resources */,
			);
			runOnlyForDeploymentPostprocessing = 0;
		};
/* End PBXResourcesBuildPhase section */

/* Begin PBXSourcesBuildPhase section */
		41EB75F52B169FB200F8769E /* Sources */ = {
			isa = PBXSourcesBuildPhase;
			buildActionMask = 2147483647;
			files = (
				41DFC1662B2149F8003B5764 /* SheetVersion.swift in Sources */,
				41DFC1642B2149CF003B5764 /* Expenses.swift in Sources */,
				41EB76162B16C68000F8769E /* ArchivingSwiftObjectsWithCodable.swift in Sources */,
				41EB761A2B1824A000F8769E /* ExpenseSection.swift in Sources */,
				41EB75FF2B169FB200F8769E /* ContentView.swift in Sources */,
				4141716B2B2A810F0059905F /* ExpensesSwiftData.swift in Sources */,
				41DFC1682B214A4C003B5764 /* NavigationVersion.swift in Sources */,
				41EB76142B16C3E600F8769E /* StoringUserSettingsWithUserDefaults.swift in Sources */,
				4141716D2B2A83310059905F /* ExpensesList.swift in Sources */,
				41DFC16A2B214A6A003B5764 /* AddViewSheets.swift in Sources */,
				41EB76182B181EFB00F8769E /* View-ExpenseStyle.swift in Sources */,
				41EB76122B16BECB00F8769E /* DeletingItemsUsingOnDelete.swift in Sources */,
				414171662B2A804A0059905F /* ContentNavigationSwiftData.swift in Sources */,
				41EB76102B16BBF400F8769E /* ShowingAndHidingViews.swift in Sources */,
				41EB760C2B16A2A000F8769E /* UsingAtStateWithClasses.swift in Sources */,
				41DFC16C2B214ACB003B5764 /* AddViewNavigation.swift in Sources */,
				414171642B2A80110059905F /* AddViewSwiftData.swift in Sources */,
				41EB75FD2B169FB200F8769E /* iExpenseApp.swift in Sources */,
			);
			runOnlyForDeploymentPostprocessing = 0;
		};
/* End PBXSourcesBuildPhase section */

/* Begin XCBuildConfiguration section */
		41EB76052B169FB400F8769E /* Debug */ = {
			isa = XCBuildConfiguration;
			buildSettings = {
				ALWAYS_SEARCH_USER_PATHS = NO;
				ASSETCATALOG_COMPILER_GENERATE_SWIFT_ASSET_SYMBOL_EXTENSIONS = YES;
				CLANG_ANALYZER_NONNULL = YES;
				CLANG_ANALYZER_NUMBER_OBJECT_CONVERSION = YES_AGGRESSIVE;
				CLANG_CXX_LANGUAGE_STANDARD = "gnu++20";
				CLANG_ENABLE_MODULES = YES;
				CLANG_ENABLE_OBJC_ARC = YES;
				CLANG_ENABLE_OBJC_WEAK = YES;
				CLANG_WARN_BLOCK_CAPTURE_AUTORELEASING = YES;
				CLANG_WARN_BOOL_CONVERSION = YES;
				CLANG_WARN_COMMA = YES;
				CLANG_WARN_CONSTANT_CONVERSION = YES;
				CLANG_WARN_DEPRECATED_OBJC_IMPLEMENTATIONS = YES;
				CLANG_WARN_DIRECT_OBJC_ISA_USAGE = YES_ERROR;
				CLANG_WARN_DOCUMENTATION_COMMENTS = YES;
				CLANG_WARN_EMPTY_BODY = YES;
				CLANG_WARN_ENUM_CONVERSION = YES;
				CLANG_WARN_INFINITE_RECURSION = YES;
				CLANG_WARN_INT_CONVERSION = YES;
				CLANG_WARN_NON_LITERAL_NULL_CONVERSION = YES;
				CLANG_WARN_OBJC_IMPLICIT_RETAIN_SELF = YES;
				CLANG_WARN_OBJC_LITERAL_CONVERSION = YES;
				CLANG_WARN_OBJC_ROOT_CLASS = YES_ERROR;
				CLANG_WARN_QUOTED_INCLUDE_IN_FRAMEWORK_HEADER = YES;
				CLANG_WARN_RANGE_LOOP_ANALYSIS = YES;
				CLANG_WARN_STRICT_PROTOTYPES = YES;
				CLANG_WARN_SUSPICIOUS_MOVE = YES;
				CLANG_WARN_UNGUARDED_AVAILABILITY = YES_AGGRESSIVE;
				CLANG_WARN_UNREACHABLE_CODE = YES;
				CLANG_WARN__DUPLICATE_METHOD_MATCH = YES;
				COPY_PHASE_STRIP = NO;
				DEBUG_INFORMATION_FORMAT = dwarf;
				ENABLE_STRICT_OBJC_MSGSEND = YES;
				ENABLE_TESTABILITY = YES;
				ENABLE_USER_SCRIPT_SANDBOXING = YES;
				GCC_C_LANGUAGE_STANDARD = gnu17;
				GCC_DYNAMIC_NO_PIC = NO;
				GCC_NO_COMMON_BLOCKS = YES;
				GCC_OPTIMIZATION_LEVEL = 0;
				GCC_PREPROCESSOR_DEFINITIONS = (
					"DEBUG=1",
					"$(inherited)",
				);
				GCC_WARN_64_TO_32_BIT_CONVERSION = YES;
				GCC_WARN_ABOUT_RETURN_TYPE = YES_ERROR;
				GCC_WARN_UNDECLARED_SELECTOR = YES;
				GCC_WARN_UNINITIALIZED_AUTOS = YES_AGGRESSIVE;
				GCC_WARN_UNUSED_FUNCTION = YES;
				GCC_WARN_UNUSED_VARIABLE = YES;
				IPHONEOS_DEPLOYMENT_TARGET = 17.0;
				LOCALIZATION_PREFERS_STRING_CATALOGS = YES;
				MTL_ENABLE_DEBUG_INFO = INCLUDE_SOURCE;
				MTL_FAST_MATH = YES;
				ONLY_ACTIVE_ARCH = YES;
				SDKROOT = iphoneos;
				SWIFT_ACTIVE_COMPILATION_CONDITIONS = "DEBUG $(inherited)";
				SWIFT_OPTIMIZATION_LEVEL = "-Onone";
			};
			name = Debug;
		};
		41EB76062B169FB400F8769E /* Release */ = {
			isa = XCBuildConfiguration;
			buildSettings = {
				ALWAYS_SEARCH_USER_PATHS = NO;
				ASSETCATALOG_COMPILER_GENERATE_SWIFT_ASSET_SYMBOL_EXTENSIONS = YES;
				CLANG_ANALYZER_NONNULL = YES;
				CLANG_ANALYZER_NUMBER_OBJECT_CONVERSION = YES_AGGRESSIVE;
				CLANG_CXX_LANGUAGE_STANDARD = "gnu++20";
				CLANG_ENABLE_MODULES = YES;
				CLANG_ENABLE_OBJC_ARC = YES;
				CLANG_ENABLE_OBJC_WEAK = YES;
				CLANG_WARN_BLOCK_CAPTURE_AUTORELEASING = YES;
				CLANG_WARN_BOOL_CONVERSION = YES;
				CLANG_WARN_COMMA = YES;
				CLANG_WARN_CONSTANT_CONVERSION = YES;
				CLANG_WARN_DEPRECATED_OBJC_IMPLEMENTATIONS = YES;
				CLANG_WARN_DIRECT_OBJC_ISA_USAGE = YES_ERROR;
				CLANG_WARN_DOCUMENTATION_COMMENTS = YES;
				CLANG_WARN_EMPTY_BODY = YES;
				CLANG_WARN_ENUM_CONVERSION = YES;
				CLANG_WARN_INFINITE_RECURSION = YES;
				CLANG_WARN_INT_CONVERSION = YES;
				CLANG_WARN_NON_LITERAL_NULL_CONVERSION = YES;
				CLANG_WARN_OBJC_IMPLICIT_RETAIN_SELF = YES;
				CLANG_WARN_OBJC_LITERAL_CONVERSION = YES;
				CLANG_WARN_OBJC_ROOT_CLASS = YES_ERROR;
				CLANG_WARN_QUOTED_INCLUDE_IN_FRAMEWORK_HEADER = YES;
				CLANG_WARN_RANGE_LOOP_ANALYSIS = YES;
				CLANG_WARN_STRICT_PROTOTYPES = YES;
				CLANG_WARN_SUSPICIOUS_MOVE = YES;
				CLANG_WARN_UNGUARDED_AVAILABILITY = YES_AGGRESSIVE;
				CLANG_WARN_UNREACHABLE_CODE = YES;
				CLANG_WARN__DUPLICATE_METHOD_MATCH = YES;
				COPY_PHASE_STRIP = NO;
				DEBUG_INFORMATION_FORMAT = "dwarf-with-dsym";
				ENABLE_NS_ASSERTIONS = NO;
				ENABLE_STRICT_OBJC_MSGSEND = YES;
				ENABLE_USER_SCRIPT_SANDBOXING = YES;
				GCC_C_LANGUAGE_STANDARD = gnu17;
				GCC_NO_COMMON_BLOCKS = YES;
				GCC_WARN_64_TO_32_BIT_CONVERSION = YES;
				GCC_WARN_ABOUT_RETURN_TYPE = YES_ERROR;
				GCC_WARN_UNDECLARED_SELECTOR = YES;
				GCC_WARN_UNINITIALIZED_AUTOS = YES_AGGRESSIVE;
				GCC_WARN_UNUSED_FUNCTION = YES;
				GCC_WARN_UNUSED_VARIABLE = YES;
				IPHONEOS_DEPLOYMENT_TARGET = 17.0;
				LOCALIZATION_PREFERS_STRING_CATALOGS = YES;
				MTL_ENABLE_DEBUG_INFO = NO;
				MTL_FAST_MATH = YES;
				SDKROOT = iphoneos;
				SWIFT_COMPILATION_MODE = wholemodule;
				VALIDATE_PRODUCT = YES;
			};
			name = Release;
		};
		41EB76082B169FB400F8769E /* Debug */ = {
			isa = XCBuildConfiguration;
			buildSettings = {
				ASSETCATALOG_COMPILER_APPICON_NAME = AppIcon;
				ASSETCATALOG_COMPILER_GLOBAL_ACCENT_COLOR_NAME = AccentColor;
				CODE_SIGN_STYLE = Automatic;
				CURRENT_PROJECT_VERSION = 1;
				DEVELOPMENT_ASSET_PATHS = "\"iExpense/Preview Content\"";
				DEVELOPMENT_TEAM = CWCBRR328H;
				ENABLE_PREVIEWS = YES;
				GENERATE_INFOPLIST_FILE = YES;
				INFOPLIST_KEY_UIApplicationSceneManifest_Generation = YES;
				INFOPLIST_KEY_UIApplicationSupportsIndirectInputEvents = YES;
				INFOPLIST_KEY_UILaunchScreen_Generation = YES;
				INFOPLIST_KEY_UISupportedInterfaceOrientations_iPad = "UIInterfaceOrientationPortrait UIInterfaceOrientationPortraitUpsideDown UIInterfaceOrientationLandscapeLeft UIInterfaceOrientationLandscapeRight";
				INFOPLIST_KEY_UISupportedInterfaceOrientations_iPhone = "UIInterfaceOrientationPortrait UIInterfaceOrientationLandscapeLeft UIInterfaceOrientationLandscapeRight";
				LD_RUNPATH_SEARCH_PATHS = (
					"$(inherited)",
					"@executable_path/Frameworks",
				);
				MARKETING_VERSION = 1.0;
				PRODUCT_BUNDLE_IDENTIFIER = BJ914.iExpense;
				PRODUCT_NAME = "$(TARGET_NAME)";
				SWIFT_EMIT_LOC_STRINGS = YES;
				SWIFT_VERSION = 5.0;
				TARGETED_DEVICE_FAMILY = "1,2";
			};
			name = Debug;
		};
		41EB76092B169FB400F8769E /* Release */ = {
			isa = XCBuildConfiguration;
			buildSettings = {
				ASSETCATALOG_COMPILER_APPICON_NAME = AppIcon;
				ASSETCATALOG_COMPILER_GLOBAL_ACCENT_COLOR_NAME = AccentColor;
				CODE_SIGN_STYLE = Automatic;
				CURRENT_PROJECT_VERSION = 1;
				DEVELOPMENT_ASSET_PATHS = "\"iExpense/Preview Content\"";
				DEVELOPMENT_TEAM = CWCBRR328H;
				ENABLE_PREVIEWS = YES;
				GENERATE_INFOPLIST_FILE = YES;
				INFOPLIST_KEY_UIApplicationSceneManifest_Generation = YES;
				INFOPLIST_KEY_UIApplicationSupportsIndirectInputEvents = YES;
				INFOPLIST_KEY_UILaunchScreen_Generation = YES;
				INFOPLIST_KEY_UISupportedInterfaceOrientations_iPad = "UIInterfaceOrientationPortrait UIInterfaceOrientationPortraitUpsideDown UIInterfaceOrientationLandscapeLeft UIInterfaceOrientationLandscapeRight";
				INFOPLIST_KEY_UISupportedInterfaceOrientations_iPhone = "UIInterfaceOrientationPortrait UIInterfaceOrientationLandscapeLeft UIInterfaceOrientationLandscapeRight";
				LD_RUNPATH_SEARCH_PATHS = (
					"$(inherited)",
					"@executable_path/Frameworks",
				);
				MARKETING_VERSION = 1.0;
				PRODUCT_BUNDLE_IDENTIFIER = BJ914.iExpense;
				PRODUCT_NAME = "$(TARGET_NAME)";
				SWIFT_EMIT_LOC_STRINGS = YES;
				SWIFT_VERSION = 5.0;
				TARGETED_DEVICE_FAMILY = "1,2";
			};
			name = Release;
		};
/* End XCBuildConfiguration section */

/* Begin XCConfigurationList section */
		41EB75F42B169FB200F8769E /* Build configuration list for PBXProject "iExpense" */ = {
			isa = XCConfigurationList;
			buildConfigurations = (
				41EB76052B169FB400F8769E /* Debug */,
				41EB76062B169FB400F8769E /* Release */,
			);
			defaultConfigurationIsVisible = 0;
			defaultConfigurationName = Release;
		};
		41EB76072B169FB400F8769E /* Build configuration list for PBXNativeTarget "iExpense" */ = {
			isa = XCConfigurationList;
			buildConfigurations = (
				41EB76082B169FB400F8769E /* Debug */,
				41EB76092B169FB400F8769E /* Release */,
			);
			defaultConfigurationIsVisible = 0;
			defaultConfigurationName = Release;
		};
/* End XCConfigurationList section */
	};
	rootObject = 41EB75F12B169FB200F8769E /* Project object */;
}
