// !$*UTF8*$!
{
	archiveVersion = 1;
	classes = {
	};
	objectVersion = 56;
	objects = {

/* Begin PBXBuildFile section */
		41EB75D32B15864000F8769E /* AnimationsApp.swift in Sources */ = {isa = PBXBuildFile; fileRef = 41EB75D22B15864000F8769E /* AnimationsApp.swift */; };
		41EB75D52B15864000F8769E /* ContentView.swift in Sources */ = {isa = PBXBuildFile; fileRef = 41EB75D42B15864000F8769E /* ContentView.swift */; };
		41EB75D72B15864200F8769E /* Assets.xcassets in Resources */ = {isa = PBXBuildFile; fileRef = 41EB75D62B15864200F8769E /* Assets.xcassets */; };
		41EB75DA2B15864200F8769E /* Preview Assets.xcassets in Resources */ = {isa = PBXBuildFile; fileRef = 41EB75D92B15864200F8769E /* Preview Assets.xcassets */; };
		41EB75E12B15866000F8769E /* CreatingImplicitAnimations.swift in Sources */ = {isa = PBXBuildFile; fileRef = 41EB75E02B15866000F8769E /* CreatingImplicitAnimations.swift */; };
		41EB75E32B1588DC00F8769E /* CustomizingAnimations.swift in Sources */ = {isa = PBXBuildFile; fileRef = 41EB75E22B1588DC00F8769E /* CustomizingAnimations.swift */; };
		41EB75E52B158BEE00F8769E /* AnimatingBindings.swift in Sources */ = {isa = PBXBuildFile; fileRef = 41EB75E42B158BEE00F8769E /* AnimatingBindings.swift */; };
		41EB75E72B158D5900F8769E /* CreatingExplicitAnimation.swift in Sources */ = {isa = PBXBuildFile; fileRef = 41EB75E62B158D5900F8769E /* CreatingExplicitAnimation.swift */; };
		41EB75E92B1692D900F8769E /* ControllingAnimationStack.swift in Sources */ = {isa = PBXBuildFile; fileRef = 41EB75E82B1692D900F8769E /* ControllingAnimationStack.swift */; };
		41EB75EB2B1694AB00F8769E /* AnimatingGestures.swift in Sources */ = {isa = PBXBuildFile; fileRef = 41EB75EA2B1694AB00F8769E /* AnimatingGestures.swift */; };
		41EB75ED2B1696F800F8769E /* ShowingAndHidingViewsWithTranslations.swift in Sources */ = {isa = PBXBuildFile; fileRef = 41EB75EC2B1696F800F8769E /* ShowingAndHidingViewsWithTranslations.swift */; };
		41EB75EF2B16981A00F8769E /* TransitionsUsingViewModifier.swift in Sources */ = {isa = PBXBuildFile; fileRef = 41EB75EE2B16981A00F8769E /* TransitionsUsingViewModifier.swift */; };
/* End PBXBuildFile section */

/* Begin PBXFileReference section */
		41EB75CF2B15864000F8769E /* Animations.app */ = {isa = PBXFileReference; explicitFileType = wrapper.application; includeInIndex = 0; path = Animations.app; sourceTree = BUILT_PRODUCTS_DIR; };
		41EB75D22B15864000F8769E /* AnimationsApp.swift */ = {isa = PBXFileReference; lastKnownFileType = sourcecode.swift; path = AnimationsApp.swift; sourceTree = "<group>"; };
		41EB75D42B15864000F8769E /* ContentView.swift */ = {isa = PBXFileReference; lastKnownFileType = sourcecode.swift; path = ContentView.swift; sourceTree = "<group>"; };
		41EB75D62B15864200F8769E /* Assets.xcassets */ = {isa = PBXFileReference; lastKnownFileType = folder.assetcatalog; path = Assets.xcassets; sourceTree = "<group>"; };
		41EB75D92B15864200F8769E /* Preview Assets.xcassets */ = {isa = PBXFileReference; lastKnownFileType = folder.assetcatalog; path = "Preview Assets.xcassets"; sourceTree = "<group>"; };
		41EB75E02B15866000F8769E /* CreatingImplicitAnimations.swift */ = {isa = PBXFileReference; lastKnownFileType = sourcecode.swift; path = CreatingImplicitAnimations.swift; sourceTree = "<group>"; };
		41EB75E22B1588DC00F8769E /* CustomizingAnimations.swift */ = {isa = PBXFileReference; lastKnownFileType = sourcecode.swift; path = CustomizingAnimations.swift; sourceTree = "<group>"; };
		41EB75E42B158BEE00F8769E /* AnimatingBindings.swift */ = {isa = PBXFileReference; lastKnownFileType = sourcecode.swift; path = AnimatingBindings.swift; sourceTree = "<group>"; };
		41EB75E62B158D5900F8769E /* CreatingExplicitAnimation.swift */ = {isa = PBXFileReference; lastKnownFileType = sourcecode.swift; path = CreatingExplicitAnimation.swift; sourceTree = "<group>"; };
		41EB75E82B1692D900F8769E /* ControllingAnimationStack.swift */ = {isa = PBXFileReference; lastKnownFileType = sourcecode.swift; path = ControllingAnimationStack.swift; sourceTree = "<group>"; };
		41EB75EA2B1694AB00F8769E /* AnimatingGestures.swift */ = {isa = PBXFileReference; lastKnownFileType = sourcecode.swift; path = AnimatingGestures.swift; sourceTree = "<group>"; };
		41EB75EC2B1696F800F8769E /* ShowingAndHidingViewsWithTranslations.swift */ = {isa = PBXFileReference; lastKnownFileType = sourcecode.swift; path = ShowingAndHidingViewsWithTranslations.swift; sourceTree = "<group>"; };
		41EB75EE2B16981A00F8769E /* TransitionsUsingViewModifier.swift */ = {isa = PBXFileReference; lastKnownFileType = sourcecode.swift; path = TransitionsUsingViewModifier.swift; sourceTree = "<group>"; };
/* End PBXFileReference section */

/* Begin PBXFrameworksBuildPhase section */
		41EB75CC2B15864000F8769E /* Frameworks */ = {
			isa = PBXFrameworksBuildPhase;
			buildActionMask = 2147483647;
			files = (
			);
			runOnlyForDeploymentPostprocessing = 0;
		};
/* End PBXFrameworksBuildPhase section */

/* Begin PBXGroup section */
		41EB75C62B15864000F8769E = {
			isa = PBXGroup;
			children = (
				41EB75D12B15864000F8769E /* Animations */,
				41EB75D02B15864000F8769E /* Products */,
			);
			sourceTree = "<group>";
		};
		41EB75D02B15864000F8769E /* Products */ = {
			isa = PBXGroup;
			children = (
				41EB75CF2B15864000F8769E /* Animations.app */,
			);
			name = Products;
			sourceTree = "<group>";
		};
		41EB75D12B15864000F8769E /* Animations */ = {
			isa = PBXGroup;
			children = (
				41EB75D22B15864000F8769E /* AnimationsApp.swift */,
				41EB75D42B15864000F8769E /* ContentView.swift */,
				41EB75E02B15866000F8769E /* CreatingImplicitAnimations.swift */,
				41EB75E22B1588DC00F8769E /* CustomizingAnimations.swift */,
				41EB75E42B158BEE00F8769E /* AnimatingBindings.swift */,
				41EB75E62B158D5900F8769E /* CreatingExplicitAnimation.swift */,
				41EB75E82B1692D900F8769E /* ControllingAnimationStack.swift */,
				41EB75EA2B1694AB00F8769E /* AnimatingGestures.swift */,
				41EB75EC2B1696F800F8769E /* ShowingAndHidingViewsWithTranslations.swift */,
				41EB75EE2B16981A00F8769E /* TransitionsUsingViewModifier.swift */,
				41EB75D62B15864200F8769E /* Assets.xcassets */,
				41EB75D82B15864200F8769E /* Preview Content */,
			);
			path = Animations;
			sourceTree = "<group>";
		};
		41EB75D82B15864200F8769E /* Preview Content */ = {
			isa = PBXGroup;
			children = (
				41EB75D92B15864200F8769E /* Preview Assets.xcassets */,
			);
			path = "Preview Content";
			sourceTree = "<group>";
		};
/* End PBXGroup section */

/* Begin PBXNativeTarget section */
		41EB75CE2B15864000F8769E /* Animations */ = {
			isa = PBXNativeTarget;
			buildConfigurationList = 41EB75DD2B15864200F8769E /* Build configuration list for PBXNativeTarget "Animations" */;
			buildPhases = (
				41EB75CB2B15864000F8769E /* Sources */,
				41EB75CC2B15864000F8769E /* Frameworks */,
				41EB75CD2B15864000F8769E /* Resources */,
			);
			buildRules = (
			);
			dependencies = (
			);
			name = Animations;
			productName = Animations;
			productReference = 41EB75CF2B15864000F8769E /* Animations.app */;
			productType = "com.apple.product-type.application";
		};
/* End PBXNativeTarget section */

/* Begin PBXProject section */
		41EB75C72B15864000F8769E /* Project object */ = {
			isa = PBXProject;
			attributes = {
				BuildIndependentTargetsInParallel = 1;
				LastSwiftUpdateCheck = 1500;
				LastUpgradeCheck = 1500;
				TargetAttributes = {
					41EB75CE2B15864000F8769E = {
						CreatedOnToolsVersion = 15.0.1;
					};
				};
			};
			buildConfigurationList = 41EB75CA2B15864000F8769E /* Build configuration list for PBXProject "Animations" */;
			compatibilityVersion = "Xcode 14.0";
			developmentRegion = en;
			hasScannedForEncodings = 0;
			knownRegions = (
				en,
				Base,
			);
			mainGroup = 41EB75C62B15864000F8769E;
			productRefGroup = 41EB75D02B15864000F8769E /* Products */;
			projectDirPath = "";
			projectRoot = "";
			targets = (
				41EB75CE2B15864000F8769E /* Animations */,
			);
		};
/* End PBXProject section */

/* Begin PBXResourcesBuildPhase section */
		41EB75CD2B15864000F8769E /* Resources */ = {
			isa = PBXResourcesBuildPhase;
			buildActionMask = 2147483647;
			files = (
				41EB75DA2B15864200F8769E /* Preview Assets.xcassets in Resources */,
				41EB75D72B15864200F8769E /* Assets.xcassets in Resources */,
			);
			runOnlyForDeploymentPostprocessing = 0;
		};
/* End PBXResourcesBuildPhase section */

/* Begin PBXSourcesBuildPhase section */
		41EB75CB2B15864000F8769E /* Sources */ = {
			isa = PBXSourcesBuildPhase;
			buildActionMask = 2147483647;
			files = (
				41EB75D52B15864000F8769E /* ContentView.swift in Sources */,
				41EB75E32B1588DC00F8769E /* CustomizingAnimations.swift in Sources */,
				41EB75E12B15866000F8769E /* CreatingImplicitAnimations.swift in Sources */,
				41EB75EF2B16981A00F8769E /* TransitionsUsingViewModifier.swift in Sources */,
				41EB75ED2B1696F800F8769E /* ShowingAndHidingViewsWithTranslations.swift in Sources */,
				41EB75D32B15864000F8769E /* AnimationsApp.swift in Sources */,
				41EB75EB2B1694AB00F8769E /* AnimatingGestures.swift in Sources */,
				41EB75E52B158BEE00F8769E /* AnimatingBindings.swift in Sources */,
				41EB75E72B158D5900F8769E /* CreatingExplicitAnimation.swift in Sources */,
				41EB75E92B1692D900F8769E /* ControllingAnimationStack.swift in Sources */,
			);
			runOnlyForDeploymentPostprocessing = 0;
		};
/* End PBXSourcesBuildPhase section */

/* Begin XCBuildConfiguration section */
		41EB75DB2B15864200F8769E /* Debug */ = {
			isa = XCBuildConfiguration;
			buildSettings = {
				ALWAYS_SEARCH_USER_PATHS = NO;
				ASSETCATALOG_COMPILER_GENERATE_SWIFT_ASSET_SYMBOL_EXTENSIONS = YES;
				CLANG_ANALYZER_NONNULL = YES;
				CLANG_ANALYZER_NUMBER_OBJECT_CONVERSION = YES_AGGRESSIVE;
				CLANG_CXX_LANGUAGE_STANDARD = "gnu++20";
				CLANG_ENABLE_MODULES = YES;
				CLANG_ENABLE_OBJC_ARC = YES;
				CLANG_ENABLE_OBJC_WEAK = YES;
				CLANG_WARN_BLOCK_CAPTURE_AUTORELEASING = YES;
				CLANG_WARN_BOOL_CONVERSION = YES;
				CLANG_WARN_COMMA = YES;
				CLANG_WARN_CONSTANT_CONVERSION = YES;
				CLANG_WARN_DEPRECATED_OBJC_IMPLEMENTATIONS = YES;
				CLANG_WARN_DIRECT_OBJC_ISA_USAGE = YES_ERROR;
				CLANG_WARN_DOCUMENTATION_COMMENTS = YES;
				CLANG_WARN_EMPTY_BODY = YES;
				CLANG_WARN_ENUM_CONVERSION = YES;
				CLANG_WARN_INFINITE_RECURSION = YES;
				CLANG_WARN_INT_CONVERSION = YES;
				CLANG_WARN_NON_LITERAL_NULL_CONVERSION = YES;
				CLANG_WARN_OBJC_IMPLICIT_RETAIN_SELF = YES;
				CLANG_WARN_OBJC_LITERAL_CONVERSION = YES;
				CLANG_WARN_OBJC_ROOT_CLASS = YES_ERROR;
				CLANG_WARN_QUOTED_INCLUDE_IN_FRAMEWORK_HEADER = YES;
				CLANG_WARN_RANGE_LOOP_ANALYSIS = YES;
				CLANG_WARN_STRICT_PROTOTYPES = YES;
				CLANG_WARN_SUSPICIOUS_MOVE = YES;
				CLANG_WARN_UNGUARDED_AVAILABILITY = YES_AGGRESSIVE;
				CLANG_WARN_UNREACHABLE_CODE = YES;
				CLANG_WARN__DUPLICATE_METHOD_MATCH = YES;
				COPY_PHASE_STRIP = NO;
				DEBUG_INFORMATION_FORMAT = dwarf;
				ENABLE_STRICT_OBJC_MSGSEND = YES;
				ENABLE_TESTABILITY = YES;
				ENABLE_USER_SCRIPT_SANDBOXING = YES;
				GCC_C_LANGUAGE_STANDARD = gnu17;
				GCC_DYNAMIC_NO_PIC = NO;
				GCC_NO_COMMON_BLOCKS = YES;
				GCC_OPTIMIZATION_LEVEL = 0;
				GCC_PREPROCESSOR_DEFINITIONS = (
					"DEBUG=1",
					"$(inherited)",
				);
				GCC_WARN_64_TO_32_BIT_CONVERSION = YES;
				GCC_WARN_ABOUT_RETURN_TYPE = YES_ERROR;
				GCC_WARN_UNDECLARED_SELECTOR = YES;
				GCC_WARN_UNINITIALIZED_AUTOS = YES_AGGRESSIVE;
				GCC_WARN_UNUSED_FUNCTION = YES;
				GCC_WARN_UNUSED_VARIABLE = YES;
				IPHONEOS_DEPLOYMENT_TARGET = 17.0;
				LOCALIZATION_PREFERS_STRING_CATALOGS = YES;
				MTL_ENABLE_DEBUG_INFO = INCLUDE_SOURCE;
				MTL_FAST_MATH = YES;
				ONLY_ACTIVE_ARCH = YES;
				SDKROOT = iphoneos;
				SWIFT_ACTIVE_COMPILATION_CONDITIONS = "DEBUG $(inherited)";
				SWIFT_OPTIMIZATION_LEVEL = "-Onone";
			};
			name = Debug;
		};
		41EB75DC2B15864200F8769E /* Release */ = {
			isa = XCBuildConfiguration;
			buildSettings = {
				ALWAYS_SEARCH_USER_PATHS = NO;
				ASSETCATALOG_COMPILER_GENERATE_SWIFT_ASSET_SYMBOL_EXTENSIONS = YES;
				CLANG_ANALYZER_NONNULL = YES;
				CLANG_ANALYZER_NUMBER_OBJECT_CONVERSION = YES_AGGRESSIVE;
				CLANG_CXX_LANGUAGE_STANDARD = "gnu++20";
				CLANG_ENABLE_MODULES = YES;
				CLANG_ENABLE_OBJC_ARC = YES;
				CLANG_ENABLE_OBJC_WEAK = YES;
				CLANG_WARN_BLOCK_CAPTURE_AUTORELEASING = YES;
				CLANG_WARN_BOOL_CONVERSION = YES;
				CLANG_WARN_COMMA = YES;
				CLANG_WARN_CONSTANT_CONVERSION = YES;
				CLANG_WARN_DEPRECATED_OBJC_IMPLEMENTATIONS = YES;
				CLANG_WARN_DIRECT_OBJC_ISA_USAGE = YES_ERROR;
				CLANG_WARN_DOCUMENTATION_COMMENTS = YES;
				CLANG_WARN_EMPTY_BODY = YES;
				CLANG_WARN_ENUM_CONVERSION = YES;
				CLANG_WARN_INFINITE_RECURSION = YES;
				CLANG_WARN_INT_CONVERSION = YES;
				CLANG_WARN_NON_LITERAL_NULL_CONVERSION = YES;
				CLANG_WARN_OBJC_IMPLICIT_RETAIN_SELF = YES;
				CLANG_WARN_OBJC_LITERAL_CONVERSION = YES;
				CLANG_WARN_OBJC_ROOT_CLASS = YES_ERROR;
				CLANG_WARN_QUOTED_INCLUDE_IN_FRAMEWORK_HEADER = YES;
				CLANG_WARN_RANGE_LOOP_ANALYSIS = YES;
				CLANG_WARN_STRICT_PROTOTYPES = YES;
				CLANG_WARN_SUSPICIOUS_MOVE = YES;
				CLANG_WARN_UNGUARDED_AVAILABILITY = YES_AGGRESSIVE;
				CLANG_WARN_UNREACHABLE_CODE = YES;
				CLANG_WARN__DUPLICATE_METHOD_MATCH = YES;
				COPY_PHASE_STRIP = NO;
				DEBUG_INFORMATION_FORMAT = "dwarf-with-dsym";
				ENABLE_NS_ASSERTIONS = NO;
				ENABLE_STRICT_OBJC_MSGSEND = YES;
				ENABLE_USER_SCRIPT_SANDBOXING = YES;
				GCC_C_LANGUAGE_STANDARD = gnu17;
				GCC_NO_COMMON_BLOCKS = YES;
				GCC_WARN_64_TO_32_BIT_CONVERSION = YES;
				GCC_WARN_ABOUT_RETURN_TYPE = YES_ERROR;
				GCC_WARN_UNDECLARED_SELECTOR = YES;
				GCC_WARN_UNINITIALIZED_AUTOS = YES_AGGRESSIVE;
				GCC_WARN_UNUSED_FUNCTION = YES;
				GCC_WARN_UNUSED_VARIABLE = YES;
				IPHONEOS_DEPLOYMENT_TARGET = 17.0;
				LOCALIZATION_PREFERS_STRING_CATALOGS = YES;
				MTL_ENABLE_DEBUG_INFO = NO;
				MTL_FAST_MATH = YES;
				SDKROOT = iphoneos;
				SWIFT_COMPILATION_MODE = wholemodule;
				VALIDATE_PRODUCT = YES;
			};
			name = Release;
		};
		41EB75DE2B15864200F8769E /* Debug */ = {
			isa = XCBuildConfiguration;
			buildSettings = {
				ASSETCATALOG_COMPILER_APPICON_NAME = AppIcon;
				ASSETCATALOG_COMPILER_GLOBAL_ACCENT_COLOR_NAME = AccentColor;
				CODE_SIGN_STYLE = Automatic;
				CURRENT_PROJECT_VERSION = 1;
				DEVELOPMENT_ASSET_PATHS = "\"Animations/Preview Content\"";
				DEVELOPMENT_TEAM = CWCBRR328H;
				ENABLE_PREVIEWS = YES;
				GENERATE_INFOPLIST_FILE = YES;
				INFOPLIST_KEY_UIApplicationSceneManifest_Generation = YES;
				INFOPLIST_KEY_UIApplicationSupportsIndirectInputEvents = YES;
				INFOPLIST_KEY_UILaunchScreen_Generation = YES;
				INFOPLIST_KEY_UISupportedInterfaceOrientations_iPad = "UIInterfaceOrientationPortrait UIInterfaceOrientationPortraitUpsideDown UIInterfaceOrientationLandscapeLeft UIInterfaceOrientationLandscapeRight";
				INFOPLIST_KEY_UISupportedInterfaceOrientations_iPhone = "UIInterfaceOrientationPortrait UIInterfaceOrientationLandscapeLeft UIInterfaceOrientationLandscapeRight";
				LD_RUNPATH_SEARCH_PATHS = (
					"$(inherited)",
					"@executable_path/Frameworks",
				);
				MARKETING_VERSION = 1.0;
				PRODUCT_BUNDLE_IDENTIFIER = BJ914.Animations;
				PRODUCT_NAME = "$(TARGET_NAME)";
				SWIFT_EMIT_LOC_STRINGS = YES;
				SWIFT_VERSION = 5.0;
				TARGETED_DEVICE_FAMILY = "1,2";
			};
			name = Debug;
		};
		41EB75DF2B15864200F8769E /* Release */ = {
			isa = XCBuildConfiguration;
			buildSettings = {
				ASSETCATALOG_COMPILER_APPICON_NAME = AppIcon;
				ASSETCATALOG_COMPILER_GLOBAL_ACCENT_COLOR_NAME = AccentColor;
				CODE_SIGN_STYLE = Automatic;
				CURRENT_PROJECT_VERSION = 1;
				DEVELOPMENT_ASSET_PATHS = "\"Animations/Preview Content\"";
				DEVELOPMENT_TEAM = CWCBRR328H;
				ENABLE_PREVIEWS = YES;
				GENERATE_INFOPLIST_FILE = YES;
				INFOPLIST_KEY_UIApplicationSceneManifest_Generation = YES;
				INFOPLIST_KEY_UIApplicationSupportsIndirectInputEvents = YES;
				INFOPLIST_KEY_UILaunchScreen_Generation = YES;
				INFOPLIST_KEY_UISupportedInterfaceOrientations_iPad = "UIInterfaceOrientationPortrait UIInterfaceOrientationPortraitUpsideDown UIInterfaceOrientationLandscapeLeft UIInterfaceOrientationLandscapeRight";
				INFOPLIST_KEY_UISupportedInterfaceOrientations_iPhone = "UIInterfaceOrientationPortrait UIInterfaceOrientationLandscapeLeft UIInterfaceOrientationLandscapeRight";
				LD_RUNPATH_SEARCH_PATHS = (
					"$(inherited)",
					"@executable_path/Frameworks",
				);
				MARKETING_VERSION = 1.0;
				PRODUCT_BUNDLE_IDENTIFIER = BJ914.Animations;
				PRODUCT_NAME = "$(TARGET_NAME)";
				SWIFT_EMIT_LOC_STRINGS = YES;
				SWIFT_VERSION = 5.0;
				TARGETED_DEVICE_FAMILY = "1,2";
			};
			name = Release;
		};
/* End XCBuildConfiguration section */

/* Begin XCConfigurationList section */
		41EB75CA2B15864000F8769E /* Build configuration list for PBXProject "Animations" */ = {
			isa = XCConfigurationList;
			buildConfigurations = (
				41EB75DB2B15864200F8769E /* Debug */,
				41EB75DC2B15864200F8769E /* Release */,
			);
			defaultConfigurationIsVisible = 0;
			defaultConfigurationName = Release;
		};
		41EB75DD2B15864200F8769E /* Build configuration list for PBXNativeTarget "Animations" */ = {
			isa = XCConfigurationList;
			buildConfigurations = (
				41EB75DE2B15864200F8769E /* Debug */,
				41EB75DF2B15864200F8769E /* Release */,
			);
			defaultConfigurationIsVisible = 0;
			defaultConfigurationName = Release;
		};
/* End XCConfigurationList section */
	};
	rootObject = 41EB75C72B15864000F8769E /* Project object */;
}
